{
  "name": "gitnexus",
  "version": "1.0.0",
  "lockfileVersion": 2,
  "requires": true,
  "packages": {
    "": {
      "version": "1.0.0",
      "dependencies": {
        "@huggingface/transformers": "^4.2.0",
        "onnxruntime-common": "^1.26.0"
      }
    },
    "node_modules/@huggingface/transformers": {
      "version": "4.2.0",
      "dependencies": {
        "onnxruntime-common": "^1.26.0"
      }
    },
    "node_modules/onnxruntime-common": {
      "version": "1.26.0"
    }
  },
  "dependencies": {
    "@huggingface/transformers": {
      "version": "4.2.0",
      "resolved": "https://registry.npmjs.org/@huggingface/transformers/-/transformers-4.2.0.tgz",
      "integrity": "sha512-..."
    },
    "onnxruntime-common": {
      "version": "1.26.0",
      "resolved": "https://registry.npmjs.org/onnxruntime-common/-/onnxruntime-common-1.26.0.tgz",
      "integrity": "sha512-..."
    }
  }
}