{
  "name": "nexus-eval-BENCHMARK",
  "version": "0.0.1",
  "lockfileVersion": 2,
  "requires": true,
  "packages": {
    "": {
      "version": "0.0.1",
      "name": "nexus-eval-BENCHMARK",
      "dependencies": {
        "nexus-agents": "2.125.41"
      },
      "devDependencies": {
        "eslint": "^8.32.0",
        "eslint-config-standard": "^17.0.0"
      }
    },
    "node_modules/eslint": {
      "version": "8.32.0",
      "name": "eslint",
      "dependencies": {
        "@eslint/eslintrc": "1.4.1",
        "ajv": "6.12.6",
        "chalk": "4.1.2",
        "cross-spawn": "7.0.3",
        "debug": "4.3.4",
        "doctrine": "3.0.0",
        "eslint-scope": "5.1.1",
        "eslint-visitor-keys": "2.1.0",
        "espree": "9.4.1",
        "esquery": "1.4.3",
        "esutils": "2.0.2",
        "file-entry-cache": "6.0.1",
        "functional-red-black-tree": "1.0.1",
        "glob-parent": "6.0.2",
        "ignore": "5.2.4",
        "import-fresh": "3.3.0",
        "imurmurhash": "0.1.4",
        "is-glob": "4.0.3",
        "js-yaml": "4.1.0",
        "json5": "2.2.1",
        "levn": "0.4.1",
        "lodash": "4.17.21",
        "minimatch": "5.1.6",
        "natural-compare": "1.4.0",
        "optionator": "0.9.1",
        "path-is-inside": "1.0.2",
        "regexpp": "3.2.0",
        "semver": "7.3.8",
        "strip-ansi": "6.0.1",
        "table": "6.0.9",
        "text-table": "0.2.0",
        "v8-compile-cache": "2.3.0"
      },
      "dependenciesMeta": {
        "ajv": {
          "optional": true
        },
        "espree": {
          "optional": true
        }
      },
      "peerDependenciesMeta": {
        "eslint-plugin": {
          "optional": true
        }
      }
    },
    "node_modules/eslint-config-standard": {
      "version": "17.0.0",
      "name": "eslint-config-standard",
      "dependencies": {
        "@babel/eslint-plugin": "7.21.5",
        "@babel/parser": "7.21.5",
        "eslint": "^8.32.0",
        "eslint-config-promise": "6.0.1",
        "eslint-plugin-babel": "5.3.1",
        "eslint-plugin-import": "2.27.5",
        "eslint-plugin-node": "11.1.0",
        "eslint-plugin-promise": "6.1.1",
        "eslint-plugin-standard": "16.0.3"
      }
    }
  },
  "dependencies": {
    "nexus-agents": {
      "version": "2.125.41",
      "resolved": "https://registry.npmjs.org/nexus-agents/-/nexus-agents-2.125.41.tgz",
      "integrity": "sha512-<integrity>",
      "dependencies": {
        "<dependency>": "<version>"
      }
    }
  }
}